// !$*UTF8*$!
{
	archiveVersion = 1;
	classes = {
	};
	objectVersion = 50;
	objects = {

/* Begin PBXBuildFile section */
		4B6417BC211B7FED0042FC99 /* Main.storyboard in Resources */ = {isa = PBXBuildFile; fileRef = 4B6417BA211B7FED0042FC99 /* Main.storyboard */; };
		4B6417BE211B7FEE0042FC99 /* Assets.xcassets in Resources */ = {isa = PBXBuildFile; fileRef = 4B6417BD211B7FEE0042FC99 /* Assets.xcassets */; };
		4B6417C1211B7FEE0042FC99 /* LaunchScreen.storyboard in Resources */ = {isa = PBXBuildFile; fileRef = 4B6417BF211B7FEE0042FC99 /* LaunchScreen.storyboard */; };
		4B6417CE211B7FEE0042FC99 /* IOSGlueTests.m in Sources */ = {isa = PBXBuildFile; fileRef = 4B6417CD211B7FEE0042FC99 /* IOSGlueTests.m */; };
		4B6417D9211B7FEE0042FC99 /* IOSGlueUITests.m in Sources */ = {isa = PBXBuildFile; fileRef = 4B6417D8211B7FEE0042FC99 /* IOSGlueUITests.m */; };
		4B69692A2156B79F009CDD3E /* AppDelegate.swift in Sources */ = {isa = PBXBuildFile; fileRef = 4B6969292156B79F009CDD3E /* AppDelegate.swift */; };
		4B6969512156BBC4009CDD3E /* BeaconListController.swift in Sources */ = {isa = PBXBuildFile; fileRef = 4B6969502156BBC4009CDD3E /* BeaconListController.swift */; };
		4B6969522156BC96009CDD3E /* Bluecast.framework in Frameworks */ = {isa = PBXBuildFile; fileRef = 4B6969272156B6EB009CDD3E /* Bluecast.framework */; };
		4B6969822156C59B009CDD3E /* libc++.tbd in Frameworks */ = {isa = PBXBuildFile; fileRef = 4B6969812156C59B009CDD3E /* libc++.tbd */; };
		4B69699E2158403D009CDD3E /* DisplayInfoViewController.swift in Sources */ = {isa = PBXBuildFile; fileRef = 4B69699D2158403D009CDD3E /* DisplayInfoViewController.swift */; };
/* End PBXBuildFile section */

/* Begin PBXContainerItemProxy section */
		4B6417CA211B7FEE0042FC99 /* PBXContainerItemProxy */ = {
			isa = PBXContainerItemProxy;
			containerPortal = 4B6417A9211B7FED0042FC99 /* Project object */;
			proxyType = 1;
			remoteGlobalIDString = 4B6417B0211B7FED0042FC99;
			remoteInfo = IOSGlue;
		};
		4B6417D5211B7FEE0042FC99 /* PBXContainerItemProxy */ = {
			isa = PBXContainerItemProxy;
			containerPortal = 4B6417A9211B7FED0042FC99 /* Project object */;
			proxyType = 1;
			remoteGlobalIDString = 4B6417B0211B7FED0042FC99;
			remoteInfo = IOSGlue;
		};
		4B6969262156B6EB009CDD3E /* PBXContainerItemProxy */ = {
			isa = PBXContainerItemProxy;
			containerPortal = 4B6969212156B6EA009CDD3E /* Bluecast.xcodeproj */;
			proxyType = 2;
			remoteGlobalIDString = 4BE0A89D21554D0400F9C402;
			remoteInfo = Bluecast;
		};
/* End PBXContainerItemProxy section */

/* Begin PBXFileReference section */
		4B6417B1211B7FED0042FC99 /* IOSGlue.app */ = {isa = PBXFileReference; explicitFileType = wrapper.application; includeInIndex = 0; path = IOSGlue.app; sourceTree = BUILT_PRODUCTS_DIR; };
		4B6417BB211B7FED0042FC99 /* Base */ = {isa = PBXFileReference; lastKnownFileType = file.storyboard; name = Base; path = Base.lproj/Main.storyboard; sourceTree = "<group>"; };
		4B6417BD211B7FEE0042FC99 /* Assets.xcassets */ = {isa = PBXFileReference; lastKnownFileType = folder.assetcatalog; path = Assets.xcassets; sourceTree = "<group>"; };
		4B6417C0211B7FEE0042FC99 /* Base */ = {isa = PBXFileReference; lastKnownFileType = file.storyboard; name = Base; path = Base.lproj/LaunchScreen.storyboard; sourceTree = "<group>"; };
		4B6417C2211B7FEE0042FC99 /* Info.plist */ = {isa = PBXFileReference; lastKnownFileType = text.plist.xml; path = Info.plist; sourceTree = "<group>"; };
		4B6417C9211B7FEE0042FC99 /* IOSGlueTests.xctest */ = {isa = PBXFileReference; explicitFileType = wrapper.cfbundle; includeInIndex = 0; path = IOSGlueTests.xctest; sourceTree = BUILT_PRODUCTS_DIR; };
		4B6417CD211B7FEE0042FC99 /* IOSGlueTests.m */ = {isa = PBXFileReference; lastKnownFileType = sourcecode.c.objc; path = IOSGlueTests.m; sourceTree = "<group>"; };
		4B6417CF211B7FEE0042FC99 /* Info.plist */ = {isa = PBXFileReference; lastKnownFileType = text.plist.xml; path = Info.plist; sourceTree = "<group>"; };
		4B6417D4211B7FEE0042FC99 /* IOSGlueUITests.xctest */ = {isa = PBXFileReference; explicitFileType = wrapper.cfbundle; includeInIndex = 0; path = IOSGlueUITests.xctest; sourceTree = BUILT_PRODUCTS_DIR; };
		4B6417D8211B7FEE0042FC99 /* IOSGlueUITests.m */ = {isa = PBXFileReference; lastKnownFileType = sourcecode.c.objc; path = IOSGlueUITests.m; sourceTree = "<group>"; };
		4B6417DA211B7FEE0042FC99 /* Info.plist */ = {isa = PBXFileReference; lastKnownFileType = text.plist.xml; path = Info.plist; sourceTree = "<group>"; };
		4B6969212156B6EA009CDD3E /* Bluecast.xcodeproj */ = {isa = PBXFileReference; lastKnownFileType = "wrapper.pb-project"; name = Bluecast.xcodeproj; path = ../superglue/modules/bluecast/xcodeproj/Bluecast/Bluecast.xcodeproj; sourceTree = "<group>"; };
		4B6969292156B79F009CDD3E /* AppDelegate.swift */ = {isa = PBXFileReference; lastKnownFileType = sourcecode.swift; path = AppDelegate.swift; sourceTree = "<group>"; };
		4B6969502156BBC4009CDD3E /* BeaconListController.swift */ = {isa = PBXFileReference; lastKnownFileType = sourcecode.swift; path = BeaconListController.swift; sourceTree = "<group>"; };
		4B6969812156C59B009CDD3E /* libc++.tbd */ = {isa = PBXFileReference; lastKnownFileType = "sourcecode.text-based-dylib-definition"; name = "libc++.tbd"; path = "usr/lib/libc++.tbd"; sourceTree = SDKROOT; };
		4B6969862156CEE7009CDD3E /* IOSGlue-Bridging-Header.h */ = {isa = PBXFileReference; fileEncoding = 4; lastKnownFileType = sourcecode.c.h; path = "IOSGlue-Bridging-Header.h"; sourceTree = "<group>"; };
		4B69699D2158403D009CDD3E /* DisplayInfoViewController.swift */ = {isa = PBXFileReference; lastKnownFileType = sourcecode.swift; path = DisplayInfoViewController.swift; sourceTree = "<group>"; };
/* End PBXFileReference section */

/* Begin PBXFrameworksBuildPhase section */
		4B6417AE211B7FED0042FC99 /* Frameworks */ = {
			isa = PBXFrameworksBuildPhase;
			buildActionMask = 2147483647;
			files = (
				4B6969822156C59B009CDD3E /* libc++.tbd in Frameworks */,
				4B6969522156BC96009CDD3E /* Bluecast.framework in Frameworks */,
			);
			runOnlyForDeploymentPostprocessing = 0;
		};
		4B6417C6211B7FEE0042FC99 /* Frameworks */ = {
			isa = PBXFrameworksBuildPhase;
			buildActionMask = 2147483647;
			files = (
			);
			runOnlyForDeploymentPostprocessing = 0;
		};
		4B6417D1211B7FEE0042FC99 /* Frameworks */ = {
			isa = PBXFrameworksBuildPhase;
			buildActionMask = 2147483647;
			files = (
			);
			runOnlyForDeploymentPostprocessing = 0;
		};
/* End PBXFrameworksBuildPhase section */

/* Begin PBXGroup section */
		4B6417A8211B7FED0042FC99 = {
			isa = PBXGroup;
			children = (
				4B6417B3211B7FED0042FC99 /* IOSGlue */,
				4B6417CC211B7FEE0042FC99 /* IOSGlueTests */,
				4B6417D7211B7FEE0042FC99 /* IOSGlueUITests */,
				4B6417B2211B7FED0042FC99 /* Products */,
				4B6417E6211B830F0042FC99 /* Frameworks */,
			);
			sourceTree = "<group>";
		};
		4B6417B2211B7FED0042FC99 /* Products */ = {
			isa = PBXGroup;
			children = (
				4B6417B1211B7FED0042FC99 /* IOSGlue.app */,
				4B6417C9211B7FEE0042FC99 /* IOSGlueTests.xctest */,
				4B6417D4211B7FEE0042FC99 /* IOSGlueUITests.xctest */,
			);
			name = Products;
			sourceTree = "<group>";
		};
		4B6417B3211B7FED0042FC99 /* IOSGlue */ = {
			isa = PBXGroup;
			children = (
				4B6969292156B79F009CDD3E /* AppDelegate.swift */,
				4B6417BA211B7FED0042FC99 /* Main.storyboard */,
				4B6417BD211B7FEE0042FC99 /* Assets.xcassets */,
				4B6417BF211B7FEE0042FC99 /* LaunchScreen.storyboard */,
				4B6417C2211B7FEE0042FC99 /* Info.plist */,
				4B6969502156BBC4009CDD3E /* BeaconListController.swift */,
				4B6969862156CEE7009CDD3E /* IOSGlue-Bridging-Header.h */,
				4B69699D2158403D009CDD3E /* DisplayInfoViewController.swift */,
			);
			path = IOSGlue;
			sourceTree = "<group>";
		};
		4B6417CC211B7FEE0042FC99 /* IOSGlueTests */ = {
			isa = PBXGroup;
			children = (
				4B6417CD211B7FEE0042FC99 /* IOSGlueTests.m */,
				4B6417CF211B7FEE0042FC99 /* Info.plist */,
			);
			path = IOSGlueTests;
			sourceTree = "<group>";
		};
		4B6417D7211B7FEE0042FC99 /* IOSGlueUITests */ = {
			isa = PBXGroup;
			children = (
				4B6417D8211B7FEE0042FC99 /* IOSGlueUITests.m */,
				4B6417DA211B7FEE0042FC99 /* Info.plist */,
			);
			path = IOSGlueUITests;
			sourceTree = "<group>";
		};
		4B6417E6211B830F0042FC99 /* Frameworks */ = {
			isa = PBXGroup;
			children = (
				4B6969812156C59B009CDD3E /* libc++.tbd */,
				4B6969212156B6EA009CDD3E /* Bluecast.xcodeproj */,
			);
			name = Frameworks;
			sourceTree = "<group>";
		};
		4B6969222156B6EA009CDD3E /* Products */ = {
			isa = PBXGroup;
			children = (
				4B6969272156B6EB009CDD3E /* Bluecast.framework */,
			);
			name = Products;
			sourceTree = "<group>";
		};
/* End PBXGroup section */

/* Begin PBXNativeTarget section */
		4B6417B0211B7FED0042FC99 /* IOSGlue */ = {
			isa = PBXNativeTarget;
			buildConfigurationList = 4B6417DD211B7FEE0042FC99 /* Build configuration list for PBXNativeTarget "IOSGlue" */;
			buildPhases = (
				4B6417AD211B7FED0042FC99 /* Sources */,
				4B6417AE211B7FED0042FC99 /* Frameworks */,
				4B6417AF211B7FED0042FC99 /* Resources */,
			);
			buildRules = (
			);
			dependencies = (
			);
			name = IOSGlue;
			productName = IOSGlue;
			productReference = 4B6417B1211B7FED0042FC99 /* IOSGlue.app */;
			productType = "com.apple.product-type.application";
		};
		4B6417C8211B7FEE0042FC99 /* IOSGlueTests */ = {
			isa = PBXNativeTarget;
			buildConfigurationList = 4B6417E0211B7FEE0042FC99 /* Build configuration list for PBXNativeTarget "IOSGlueTests" */;
			buildPhases = (
				4B6417C5211B7FEE0042FC99 /* Sources */,
				4B6417C6211B7FEE0042FC99 /* Frameworks */,
				4B6417C7211B7FEE0042FC99 /* Resources */,
			);
			buildRules = (
			);
			dependencies = (
				4B6417CB211B7FEE0042FC99 /* PBXTargetDependency */,
			);
			name = IOSGlueTests;
			productName = IOSGlueTests;
			productReference = 4B6417C9211B7FEE0042FC99 /* IOSGlueTests.xctest */;
			productType = "com.apple.product-type.bundle.unit-test";
		};
		4B6417D3211B7FEE0042FC99 /* IOSGlueUITests */ = {
			isa = PBXNativeTarget;
			buildConfigurationList = 4B6417E3211B7FEE0042FC99 /* Build configuration list for PBXNativeTarget "IOSGlueUITests" */;
			buildPhases = (
				4B6417D0211B7FEE0042FC99 /* Sources */,
				4B6417D1211B7FEE0042FC99 /* Frameworks */,
				4B6417D2211B7FEE0042FC99 /* Resources */,
			);
			buildRules = (
			);
			dependencies = (
				4B6417D6211B7FEE0042FC99 /* PBXTargetDependency */,
			);
			name = IOSGlueUITests;
			productName = IOSGlueUITests;
			productReference = 4B6417D4211B7FEE0042FC99 /* IOSGlueUITests.xctest */;
			productType = "com.apple.product-type.bundle.ui-testing";
		};
/* End PBXNativeTarget section */

/* Begin PBXProject section */
		4B6417A9211B7FED0042FC99 /* Project object */ = {
			isa = PBXProject;
			attributes = {
				LastUpgradeCheck = 1000;
				ORGANIZATIONNAME = Loki;
				TargetAttributes = {
					4B6417B0211B7FED0042FC99 = {
						CreatedOnToolsVersion = 9.4.1;
						LastSwiftMigration = 0940;
					};
					4B6417C8211B7FEE0042FC99 = {
						CreatedOnToolsVersion = 9.4.1;
						TestTargetID = 4B6417B0211B7FED0042FC99;
					};
					4B6417D3211B7FEE0042FC99 = {
						CreatedOnToolsVersion = 9.4.1;
						TestTargetID = 4B6417B0211B7FED0042FC99;
					};
				};
			};
			buildConfigurationList = 4B6417AC211B7FED0042FC99 /* Build configuration list for PBXProject "IOSGlue" */;
			compatibilityVersion = "Xcode 9.3";
			developmentRegion = en;
			hasScannedForEncodings = 0;
			knownRegions = (
				en,
				Base,
			);
			mainGroup = 4B6417A8211B7FED0042FC99;
			productRefGroup = 4B6417B2211B7FED0042FC99 /* Products */;
			projectDirPath = "";
			projectReferences = (
				{
					ProductGroup = 4B6969222156B6EA009CDD3E /* Products */;
					ProjectRef = 4B6969212156B6EA009CDD3E /* Bluecast.xcodeproj */;
				},
			);
			projectRoot = "";
			targets = (
				4B6417B0211B7FED0042FC99 /* IOSGlue */,
				4B6417C8211B7FEE0042FC99 /* IOSGlueTests */,
				4B6417D3211B7FEE0042FC99 /* IOSGlueUITests */,
			);
		};
/* End PBXProject section */

/* Begin PBXReferenceProxy section */
		4B6969272156B6EB009CDD3E /* Bluecast.framework */ = {
			isa = PBXReferenceProxy;
			fileType = wrapper.framework;
			path = Bluecast.framework;
			remoteRef = 4B6969262156B6EB009CDD3E /* PBXContainerItemProxy */;
			sourceTree = BUILT_PRODUCTS_DIR;
		};
/* End PBXReferenceProxy section */

/* Begin PBXResourcesBuildPhase section */
		4B6417AF211B7FED0042FC99 /* Resources */ = {
			isa = PBXResourcesBuildPhase;
			buildActionMask = 2147483647;
			files = (
				4B6417C1211B7FEE0042FC99 /* LaunchScreen.storyboard in Resources */,
				4B6417BE211B7FEE0042FC99 /* Assets.xcassets in Resources */,
				4B6417BC211B7FED0042FC99 /* Main.storyboard in Resources */,
			);
			runOnlyForDeploymentPostprocessing = 0;
		};
		4B6417C7211B7FEE0042FC99 /* Resources */ = {
			isa = PBXResourcesBuildPhase;
			buildActionMask = 2147483647;
			files = (
			);
			runOnlyForDeploymentPostprocessing = 0;
		};
		4B6417D2211B7FEE0042FC99 /* Resources */ = {
			isa = PBXResourcesBuildPhase;
			buildActionMask = 2147483647;
			files = (
			);
			runOnlyForDeploymentPostprocessing = 0;
		};
/* End PBXResourcesBuildPhase section */

/* Begin PBXSourcesBuildPhase section */
		4B6417AD211B7FED0042FC99 /* Sources */ = {
			isa = PBXSourcesBuildPhase;
			buildActionMask = 2147483647;
			files = (
				4B69692A2156B79F009CDD3E /* AppDelegate.swift in Sources */,
				4B69699E2158403D009CDD3E /* DisplayInfoViewController.swift in Sources */,
				4B6969512156BBC4009CDD3E /* BeaconListController.swift in Sources */,
			);
			runOnlyForDeploymentPostprocessing = 0;
		};
		4B6417C5211B7FEE0042FC99 /* Sources */ = {
			isa = PBXSourcesBuildPhase;
			buildActionMask = 2147483647;
			files = (
				4B6417CE211B7FEE0042FC99 /* IOSGlueTests.m in Sources */,
			);
			runOnlyForDeploymentPostprocessing = 0;
		};
		4B6417D0211B7FEE0042FC99 /* Sources */ = {
			isa = PBXSourcesBuildPhase;
			buildActionMask = 2147483647;
			files = (
				4B6417D9211B7FEE0042FC99 /* IOSGlueUITests.m in Sources */,
			);
			runOnlyForDeploymentPostprocessing = 0;
		};
/* End PBXSourcesBuildPhase section */

/* Begin PBXTargetDependency section */
		4B6417CB211B7FEE0042FC99 /* PBXTargetDependency */ = {
			isa = PBXTargetDependency;
			target = 4B6417B0211B7FED0042FC99 /* IOSGlue */;
			targetProxy = 4B6417CA211B7FEE0042FC99 /* PBXContainerItemProxy */;
		};
		4B6417D6211B7FEE0042FC99 /* PBXTargetDependency */ = {
			isa = PBXTargetDependency;
			target = 4B6417B0211B7FED0042FC99 /* IOSGlue */;
			targetProxy = 4B6417D5211B7FEE0042FC99 /* PBXContainerItemProxy */;
		};
/* End PBXTargetDependency section */

/* Begin PBXVariantGroup section */
		4B6417BA211B7FED0042FC99 /* Main.storyboard */ = {
			isa = PBXVariantGroup;
			children = (
				4B6417BB211B7FED0042FC99 /* Base */,
			);
			name = Main.storyboard;
			sourceTree = "<group>";
		};
		4B6417BF211B7FEE0042FC99 /* LaunchScreen.storyboard */ = {
			isa = PBXVariantGroup;
			children = (
				4B6417C0211B7FEE0042FC99 /* Base */,
			);
			name = LaunchScreen.storyboard;
			sourceTree = "<group>";
		};
/* End PBXVariantGroup section */

/* Begin XCBuildConfiguration section */
		4B6417DB211B7FEE0042FC99 /* Debug */ = {
			isa = XCBuildConfiguration;
			buildSettings = {
				ALWAYS_SEARCH_USER_PATHS = NO;
				CLANG_ANALYZER_NONNULL = YES;
				CLANG_ANALYZER_NUMBER_OBJECT_CONVERSION = YES_AGGRESSIVE;
				CLANG_CXX_LANGUAGE_STANDARD = "gnu++14";
				CLANG_CXX_LIBRARY = "libc++";
				CLANG_ENABLE_MODULES = YES;
				CLANG_ENABLE_OBJC_ARC = YES;
				CLANG_ENABLE_OBJC_WEAK = YES;
				CLANG_WARN_BLOCK_CAPTURE_AUTORELEASING = YES;
				CLANG_WARN_BOOL_CONVERSION = YES;
				CLANG_WARN_COMMA = YES;
				CLANG_WARN_CONSTANT_CONVERSION = YES;
				CLANG_WARN_DEPRECATED_OBJC_IMPLEMENTATIONS = YES;
				CLANG_WARN_DIRECT_OBJC_ISA_USAGE = YES_ERROR;
				CLANG_WARN_DOCUMENTATION_COMMENTS = YES;
				CLANG_WARN_EMPTY_BODY = YES;
				CLANG_WARN_ENUM_CONVERSION = YES;
				CLANG_WARN_INFINITE_RECURSION = YES;
				CLANG_WARN_INT_CONVERSION = YES;
				CLANG_WARN_NON_LITERAL_NULL_CONVERSION = YES;
				CLANG_WARN_OBJC_IMPLICIT_RETAIN_SELF = YES;
				CLANG_WARN_OBJC_LITERAL_CONVERSION = YES;
				CLANG_WARN_OBJC_ROOT_CLASS = YES_ERROR;
				CLANG_WARN_RANGE_LOOP_ANALYSIS = YES;
				CLANG_WARN_STRICT_PROTOTYPES = YES;
				CLANG_WARN_SUSPICIOUS_MOVE = YES;
				CLANG_WARN_UNGUARDED_AVAILABILITY = YES_AGGRESSIVE;
				CLANG_WARN_UNREACHABLE_CODE = YES;
				CLANG_WARN__DUPLICATE_METHOD_MATCH = YES;
				CODE_SIGN_IDENTITY = "iPhone Developer";
				COPY_PHASE_STRIP = NO;
				DEBUG_INFORMATION_FORMAT = dwarf;
				ENABLE_STRICT_OBJC_MSGSEND = YES;
				ENABLE_TESTABILITY = YES;
				GCC_C_LANGUAGE_STANDARD = gnu11;
				GCC_DYNAMIC_NO_PIC = NO;
				GCC_NO_COMMON_BLOCKS = YES;
				GCC_OPTIMIZATION_LEVEL = 0;
				GCC_PREPROCESSOR_DEFINITIONS = (
					"DEBUG=1",
					"$(inherited)",
				);
				GCC_WARN_64_TO_32_BIT_CONVERSION = YES;
				GCC_WARN_ABOUT_RETURN_TYPE = YES_ERROR;
				GCC_WARN_UNDECLARED_SELECTOR = YES;
				GCC_WARN_UNINITIALIZED_AUTOS = YES_AGGRESSIVE;
				GCC_WARN_UNUSED_FUNCTION = YES;
				GCC_WARN_UNUSED_VARIABLE = YES;
				IPHONEOS_DEPLOYMENT_TARGET = 11.4;
				MTL_ENABLE_DEBUG_INFO = YES;
				ONLY_ACTIVE_ARCH = YES;
				SDKROOT = iphoneos;
			};
			name = Debug;
		};
		4B6417DC211B7FEE0042FC99 /* Release */ = {
			isa = XCBuildConfiguration;
			buildSettings = {
				ALWAYS_SEARCH_USER_PATHS = NO;
				CLANG_ANALYZER_NONNULL = YES;
				CLANG_ANALYZER_NUMBER_OBJECT_CONVERSION = YES_AGGRESSIVE;
				CLANG_CXX_LANGUAGE_STANDARD = "gnu++14";
				CLANG_CXX_LIBRARY = "libc++";
				CLANG_ENABLE_MODULES = YES;
				CLANG_ENABLE_OBJC_ARC = YES;
				CLANG_ENABLE_OBJC_WEAK = YES;
				CLANG_WARN_BLOCK_CAPTURE_AUTORELEASING = YES;
				CLANG_WARN_BOOL_CONVERSION = YES;
				CLANG_WARN_COMMA = YES;
				CLANG_WARN_CONSTANT_CONVERSION = YES;
				CLANG_WARN_DEPRECATED_OBJC_IMPLEMENTATIONS = YES;
				CLANG_WARN_DIRECT_OBJC_ISA_USAGE = YES_ERROR;
				CLANG_WARN_DOCUMENTATION_COMMENTS = YES;
				CLANG_WARN_EMPTY_BODY = YES;
				CLANG_WARN_ENUM_CONVERSION = YES;
				CLANG_WARN_INFINITE_RECURSION = YES;
				CLANG_WARN_INT_CONVERSION = YES;
				CLANG_WARN_NON_LITERAL_NULL_CONVERSION = YES;
				CLANG_WARN_OBJC_IMPLICIT_RETAIN_SELF = YES;
				CLANG_WARN_OBJC_LITERAL_CONVERSION = YES;
				CLANG_WARN_OBJC_ROOT_CLASS = YES_ERROR;
				CLANG_WARN_RANGE_LOOP_ANALYSIS = YES;
				CLANG_WARN_STRICT_PROTOTYPES = YES;
				CLANG_WARN_SUSPICIOUS_MOVE = YES;
				CLANG_WARN_UNGUARDED_AVAILABILITY = YES_AGGRESSIVE;
				CLANG_WARN_UNREACHABLE_CODE = YES;
				CLANG_WARN__DUPLICATE_METHOD_MATCH = YES;
				CODE_SIGN_IDENTITY = "iPhone Developer";
				COPY_PHASE_STRIP = NO;
				DEBUG_INFORMATION_FORMAT = "dwarf-with-dsym";
				ENABLE_NS_ASSERTIONS = NO;
				ENABLE_STRICT_OBJC_MSGSEND = YES;
				GCC_C_LANGUAGE_STANDARD = gnu11;
				GCC_NO_COMMON_BLOCKS = YES;
				GCC_WARN_64_TO_32_BIT_CONVERSION = YES;
				GCC_WARN_ABOUT_RETURN_TYPE = YES_ERROR;
				GCC_WARN_UNDECLARED_SELECTOR = YES;
				GCC_WARN_UNINITIALIZED_AUTOS = YES_AGGRESSIVE;
				GCC_WARN_UNUSED_FUNCTION = YES;
				GCC_WARN_UNUSED_VARIABLE = YES;
				IPHONEOS_DEPLOYMENT_TARGET = 11.4;
				MTL_ENABLE_DEBUG_INFO = NO;
				SDKROOT = iphoneos;
				SWIFT_COMPILATION_MODE = wholemodule;
				VALIDATE_PRODUCT = YES;
			};
			name = Release;
		};
		4B6417DE211B7FEE0042FC99 /* Debug */ = {
			isa = XCBuildConfiguration;
			buildSettings = {
				ASSETCATALOG_COMPILER_APPICON_NAME = AppIcon;
				CLANG_ALLOW_NON_MODULAR_INCLUDES_IN_FRAMEWORK_MODULES = YES;
				CLANG_ENABLE_MODULES = YES;
				CODE_SIGN_STYLE = Automatic;
				DEVELOPMENT_TEAM = F37K9V3993;
				HEADER_SEARCH_PATHS = "$(PROJECT_DIR)/superglue/include";
				INFOPLIST_FILE = IOSGlue/Info.plist;
				LD_RUNPATH_SEARCH_PATHS = (
					"$(inherited)",
					"@executable_path/Frameworks",
				);
				LIBRARY_SEARCH_PATHS = "";
				PRODUCT_BUNDLE_IDENTIFIER = Loki.IOSGlue;
				PRODUCT_NAME = "$(TARGET_NAME)";
				SWIFT_OBJC_BRIDGING_HEADER = "IOSGlue/IOSGlue-Bridging-Header.h";
				SWIFT_OPTIMIZATION_LEVEL = "-Onone";
				SWIFT_VERSION = 3.0;
				TARGETED_DEVICE_FAMILY = "1,2";
			};
			name = Debug;
		};
		4B6417DF211B7FEE0042FC99 /* Release */ = {
			isa = XCBuildConfiguration;
			buildSettings = {
				ASSETCATALOG_COMPILER_APPICON_NAME = AppIcon;
				CLANG_ALLOW_NON_MODULAR_INCLUDES_IN_FRAMEWORK_MODULES = YES;
				CLANG_ENABLE_MODULES = YES;
				CODE_SIGN_STYLE = Automatic;
				DEVELOPMENT_TEAM = F37K9V3993;
				HEADER_SEARCH_PATHS = "$(PROJECT_DIR)/superglue/include";
				INFOPLIST_FILE = IOSGlue/Info.plist;
				LD_RUNPATH_SEARCH_PATHS = (
					"$(inherited)",
					"@executable_path/Frameworks",
				);
				LIBRARY_SEARCH_PATHS = "";
				PRODUCT_BUNDLE_IDENTIFIER = Loki.IOSGlue;
				PRODUCT_NAME = "$(TARGET_NAME)";
				SWIFT_OBJC_BRIDGING_HEADER = "IOSGlue/IOSGlue-Bridging-Header.h";
				SWIFT_VERSION = 3.0;
				TARGETED_DEVICE_FAMILY = "1,2";
			};
			name = Release;
		};
		4B6417E1211B7FEE0042FC99 /* Debug */ = {
			isa = XCBuildConfiguration;
			buildSettings = {
				ALWAYS_EMBED_SWIFT_STANDARD_LIBRARIES = YES;
				BUNDLE_LOADER = "$(TEST_HOST)";
				CODE_SIGN_STYLE = Automatic;
				INFOPLIST_FILE = IOSGlueTests/Info.plist;
				LD_RUNPATH_SEARCH_PATHS = (
					"$(inherited)",
					"@executable_path/Frameworks",
					"@loader_path/Frameworks",
				);
				PRODUCT_BUNDLE_IDENTIFIER = Loki.IOSGlueTests;
				PRODUCT_NAME = "$(TARGET_NAME)";
				TARGETED_DEVICE_FAMILY = "1,2";
				TEST_HOST = "$(BUILT_PRODUCTS_DIR)/IOSGlue.app/IOSGlue";
			};
			name = Debug;
		};
		4B6417E2211B7FEE0042FC99 /* Release */ = {
			isa = XCBuildConfiguration;
			buildSettings = {
				ALWAYS_EMBED_SWIFT_STANDARD_LIBRARIES = YES;
				BUNDLE_LOADER = "$(TEST_HOST)";
				CODE_SIGN_STYLE = Automatic;
				INFOPLIST_FILE = IOSGlueTests/Info.plist;
				LD_RUNPATH_SEARCH_PATHS = (
					"$(inherited)",
					"@executable_path/Frameworks",
					"@loader_path/Frameworks",
				);
				PRODUCT_BUNDLE_IDENTIFIER = Loki.IOSGlueTests;
				PRODUCT_NAME = "$(TARGET_NAME)";
				TARGETED_DEVICE_FAMILY = "1,2";
				TEST_HOST = "$(BUILT_PRODUCTS_DIR)/IOSGlue.app/IOSGlue";
			};
			name = Release;
		};
		4B6417E4211B7FEE0042FC99 /* Debug */ = {
			isa = XCBuildConfiguration;
			buildSettings = {
				ALWAYS_EMBED_SWIFT_STANDARD_LIBRARIES = YES;
				CODE_SIGN_STYLE = Automatic;
				INFOPLIST_FILE = IOSGlueUITests/Info.plist;
				LD_RUNPATH_SEARCH_PATHS = (
					"$(inherited)",
					"@executable_path/Frameworks",
					"@loader_path/Frameworks",
				);
				PRODUCT_BUNDLE_IDENTIFIER = Loki.IOSGlueUITests;
				PRODUCT_NAME = "$(TARGET_NAME)";
				TARGETED_DEVICE_FAMILY = "1,2";
				TEST_TARGET_NAME = IOSGlue;
			};
			name = Debug;
		};
		4B6417E5211B7FEE0042FC99 /* Release */ = {
			isa = XCBuildConfiguration;
			buildSettings = {
				ALWAYS_EMBED_SWIFT_STANDARD_LIBRARIES = YES;
				CODE_SIGN_STYLE = Automatic;
				INFOPLIST_FILE = IOSGlueUITests/Info.plist;
				LD_RUNPATH_SEARCH_PATHS = (
					"$(inherited)",
					"@executable_path/Frameworks",
					"@loader_path/Frameworks",
				);
				PRODUCT_BUNDLE_IDENTIFIER = Loki.IOSGlueUITests;
				PRODUCT_NAME = "$(TARGET_NAME)";
				TARGETED_DEVICE_FAMILY = "1,2";
				TEST_TARGET_NAME = IOSGlue;
			};
			name = Release;
		};
/* End XCBuildConfiguration section */

/* Begin XCConfigurationList section */
		4B6417AC211B7FED0042FC99 /* Build configuration list for PBXProject "IOSGlue" */ = {
			isa = XCConfigurationList;
			buildConfigurations = (
				4B6417DB211B7FEE0042FC99 /* Debug */,
				4B6417DC211B7FEE0042FC99 /* Release */,
			);
			defaultConfigurationIsVisible = 0;
			defaultConfigurationName = Release;
		};
		4B6417DD211B7FEE0042FC99 /* Build configuration list for PBXNativeTarget "IOSGlue" */ = {
			isa = XCConfigurationList;
			buildConfigurations = (
				4B6417DE211B7FEE0042FC99 /* Debug */,
				4B6417DF211B7FEE0042FC99 /* Release */,
			);
			defaultConfigurationIsVisible = 0;
			defaultConfigurationName = Release;
		};
		4B6417E0211B7FEE0042FC99 /* Build configuration list for PBXNativeTarget "IOSGlueTests" */ = {
			isa = XCConfigurationList;
			buildConfigurations = (
				4B6417E1211B7FEE0042FC99 /* Debug */,
				4B6417E2211B7FEE0042FC99 /* Release */,
			);
			defaultConfigurationIsVisible = 0;
			defaultConfigurationName = Release;
		};
		4B6417E3211B7FEE0042FC99 /* Build configuration list for PBXNativeTarget "IOSGlueUITests" */ = {
			isa = XCConfigurationList;
			buildConfigurations = (
				4B6417E4211B7FEE0042FC99 /* Debug */,
				4B6417E5211B7FEE0042FC99 /* Release */,
			);
			defaultConfigurationIsVisible = 0;
			defaultConfigurationName = Release;
		};
/* End XCConfigurationList section */
	};
	rootObject = 4B6417A9211B7FED0042FC99 /* Project object */;
}
